
Microsoft Visual Studio Solution File, Format Version 12.00
# Visual Studio 15
VisualStudioVersion = 15.0.26730.15
MinimumVisualStudioVersion = 10.0.40219.1
Project("{FAE04EC0-301F-11D3-BF4B-00C04F79EFBC}") = "Factory", "Factory\Factory.csproj", "{29D59597-F81F-494C-9FD1-FC8A0E34E8F4}"
EndProject
Global
	GlobalSection(SolutionConfigurationPlatforms) = preSolution
		Debug|Any CPU = Debug|Any CPU
		Release|Any CPU = Release|Any CPU
	EndGlobalSection
	GlobalSection(ProjectConfigurationPlatforms) = postSolution
		{29D59597-F81F-494C-9FD1-FC8A0E34E8F4}.Debug|Any CPU.ActiveCfg = Debug|Any CPU
		{29D59597-F81F-494C-9FD1-FC8A0E34E8F4}.Debug|Any CPU.Build.0 = Debug|Any CPU
		{29D59597-F81F-494C-9FD1-FC8A0E34E8F4}.Release|Any CPU.ActiveCfg = Release|Any CPU
		{29D59597-F81F-494C-9FD1-FC8A0E34E8F4}.Release|Any CPU.Build.0 = Release|Any CPU
	EndGlobalSection
	GlobalSection(SolutionProperties) = preSolution
		HideSolutionNode = FALSE
	EndGlobalSection
	GlobalSection(ExtensibilityGlobals) = postSolution
		SolutionGuid = {966B89AD-A282-4CC8-85C8-B132455E7E53}
	EndGlobalSection
EndGlobal
